
Microsoft Visual Studio Solution File, Format Version 12.00
# Visual Studio Version 17
VisualStudioVersion = 17.1.32319.34
MinimumVisualStudioVersion = 10.0.40219.1
Project("{FAE04EC0-301F-11D3-BF4B-00C04F79EFBC}") = "Eleição", "Eleição\Eleição.csproj", "{01BFF1EB-7619-4A2E-91C6-4028CEBA3567}"
EndProject
Global
	GlobalSection(SolutionConfigurationPlatforms) = preSolution
		Debug|Any CPU = Debug|Any CPU
		Release|Any CPU = Release|Any CPU
	EndGlobalSection
	GlobalSection(ProjectConfigurationPlatforms) = postSolution
		{01BFF1EB-7619-4A2E-91C6-4028CEBA3567}.Debug|Any CPU.ActiveCfg = Debug|Any CPU
		{01BFF1EB-7619-4A2E-91C6-4028CEBA3567}.Debug|Any CPU.Build.0 = Debug|Any CPU
		{01BFF1EB-7619-4A2E-91C6-4028CEBA3567}.Release|Any CPU.ActiveCfg = Release|Any CPU
		{01BFF1EB-7619-4A2E-91C6-4028CEBA3567}.Release|Any CPU.Build.0 = Release|Any CPU
	EndGlobalSection
	GlobalSection(SolutionProperties) = preSolution
		HideSolutionNode = FALSE
	EndGlobalSection
	GlobalSection(ExtensibilityGlobals) = postSolution
		SolutionGuid = {A4587366-FDB2-4082-9DD4-56A1C3F4E97E}
	EndGlobalSection
EndGlobal
