
Microsoft Visual Studio Solution File, Format Version 12.00
# Visual Studio Version 17
VisualStudioVersion = 17.1.32319.34
MinimumVisualStudioVersion = 10.0.40219.1
Project("{FAE04EC0-301F-11D3-BF4B-00C04F79EFBC}") = "MediaAritmetica", "MediaAritmetica\MediaAritmetica.csproj", "{475E6159-E335-4A0B-AFC8-BE37595BA397}"
EndProject
Global
	GlobalSection(SolutionConfigurationPlatforms) = preSolution
		Debug|Any CPU = Debug|Any CPU
		Release|Any CPU = Release|Any CPU
	EndGlobalSection
	GlobalSection(ProjectConfigurationPlatforms) = postSolution
		{475E6159-E335-4A0B-AFC8-BE37595BA397}.Debug|Any CPU.ActiveCfg = Debug|Any CPU
		{475E6159-E335-4A0B-AFC8-BE37595BA397}.Debug|Any CPU.Build.0 = Debug|Any CPU
		{475E6159-E335-4A0B-AFC8-BE37595BA397}.Release|Any CPU.ActiveCfg = Release|Any CPU
		{475E6159-E335-4A0B-AFC8-BE37595BA397}.Release|Any CPU.Build.0 = Release|Any CPU
	EndGlobalSection
	GlobalSection(SolutionProperties) = preSolution
		HideSolutionNode = FALSE
	EndGlobalSection
	GlobalSection(ExtensibilityGlobals) = postSolution
		SolutionGuid = {A7A87BDB-398C-4CCC-8362-7E129527E657}
	EndGlobalSection
EndGlobal
