
Microsoft Visual Studio Solution File, Format Version 12.00
# Visual Studio Version 17
VisualStudioVersion = 17.1.32319.34
MinimumVisualStudioVersion = 10.0.40219.1
Project("{FAE04EC0-301F-11D3-BF4B-00C04F79EFBC}") = "NumeroPerfeito", "NumeroPerfeito\NumeroPerfeito.csproj", "{D3128404-0F07-435E-9106-9099D60C3B67}"
EndProject
Global
	GlobalSection(SolutionConfigurationPlatforms) = preSolution
		Debug|Any CPU = Debug|Any CPU
		Release|Any CPU = Release|Any CPU
	EndGlobalSection
	GlobalSection(ProjectConfigurationPlatforms) = postSolution
		{D3128404-0F07-435E-9106-9099D60C3B67}.Debug|Any CPU.ActiveCfg = Debug|Any CPU
		{D3128404-0F07-435E-9106-9099D60C3B67}.Debug|Any CPU.Build.0 = Debug|Any CPU
		{D3128404-0F07-435E-9106-9099D60C3B67}.Release|Any CPU.ActiveCfg = Release|Any CPU
		{D3128404-0F07-435E-9106-9099D60C3B67}.Release|Any CPU.Build.0 = Release|Any CPU
	EndGlobalSection
	GlobalSection(SolutionProperties) = preSolution
		HideSolutionNode = FALSE
	EndGlobalSection
	GlobalSection(ExtensibilityGlobals) = postSolution
		SolutionGuid = {85197829-4D89-4D74-9DA4-529C6F669FD0}
	EndGlobalSection
EndGlobal
