
Microsoft Visual Studio Solution File, Format Version 12.00
# Visual Studio Version 17
VisualStudioVersion = 17.1.32319.34
MinimumVisualStudioVersion = 10.0.40219.1
Project("{FAE04EC0-301F-11D3-BF4B-00C04F79EFBC}") = "PotenciaReferencia", "PotenciaReferencia\PotenciaReferencia.csproj", "{16622B1A-76CF-4385-AC3C-D6AA34C57DE0}"
EndProject
Global
	GlobalSection(SolutionConfigurationPlatforms) = preSolution
		Debug|Any CPU = Debug|Any CPU
		Release|Any CPU = Release|Any CPU
	EndGlobalSection
	GlobalSection(ProjectConfigurationPlatforms) = postSolution
		{16622B1A-76CF-4385-AC3C-D6AA34C57DE0}.Debug|Any CPU.ActiveCfg = Debug|Any CPU
		{16622B1A-76CF-4385-AC3C-D6AA34C57DE0}.Debug|Any CPU.Build.0 = Debug|Any CPU
		{16622B1A-76CF-4385-AC3C-D6AA34C57DE0}.Release|Any CPU.ActiveCfg = Release|Any CPU
		{16622B1A-76CF-4385-AC3C-D6AA34C57DE0}.Release|Any CPU.Build.0 = Release|Any CPU
	EndGlobalSection
	GlobalSection(SolutionProperties) = preSolution
		HideSolutionNode = FALSE
	EndGlobalSection
	GlobalSection(ExtensibilityGlobals) = postSolution
		SolutionGuid = {8DB534EF-63B7-45B2-AF3F-1A8B78E2EEC6}
	EndGlobalSection
EndGlobal
