
Microsoft Visual Studio Solution File, Format Version 12.00
# Visual Studio Version 17
VisualStudioVersion = 17.1.32319.34
MinimumVisualStudioVersion = 10.0.40219.1
Project("{FAE04EC0-301F-11D3-BF4B-00C04F79EFBC}") = "SomaRaiz", "SomaRaiz\SomaRaiz.csproj", "{63AB36EC-8ED5-47AB-9AF6-493D8EA90899}"
EndProject
Global
	GlobalSection(SolutionConfigurationPlatforms) = preSolution
		Debug|Any CPU = Debug|Any CPU
		Release|Any CPU = Release|Any CPU
	EndGlobalSection
	GlobalSection(ProjectConfigurationPlatforms) = postSolution
		{63AB36EC-8ED5-47AB-9AF6-493D8EA90899}.Debug|Any CPU.ActiveCfg = Debug|Any CPU
		{63AB36EC-8ED5-47AB-9AF6-493D8EA90899}.Debug|Any CPU.Build.0 = Debug|Any CPU
		{63AB36EC-8ED5-47AB-9AF6-493D8EA90899}.Release|Any CPU.ActiveCfg = Release|Any CPU
		{63AB36EC-8ED5-47AB-9AF6-493D8EA90899}.Release|Any CPU.Build.0 = Release|Any CPU
	EndGlobalSection
	GlobalSection(SolutionProperties) = preSolution
		HideSolutionNode = FALSE
	EndGlobalSection
	GlobalSection(ExtensibilityGlobals) = postSolution
		SolutionGuid = {C061EFEF-8CD2-46D8-B1A3-3AF939EB013E}
	EndGlobalSection
EndGlobal
