
Microsoft Visual Studio Solution File, Format Version 12.00
# Visual Studio Version 17
VisualStudioVersion = 17.1.32319.34
MinimumVisualStudioVersion = 10.0.40219.1
Project("{FAE04EC0-301F-11D3-BF4B-00C04F79EFBC}") = "TrabalhoIntermediario", "TrabalhoIntermediario\TrabalhoIntermediario.csproj", "{2DFAD8EC-D8BD-4401-93B5-98C8B1AB8F41}"
EndProject
Global
	GlobalSection(SolutionConfigurationPlatforms) = preSolution
		Debug|Any CPU = Debug|Any CPU
		Release|Any CPU = Release|Any CPU
	EndGlobalSection
	GlobalSection(ProjectConfigurationPlatforms) = postSolution
		{2DFAD8EC-D8BD-4401-93B5-98C8B1AB8F41}.Debug|Any CPU.ActiveCfg = Debug|Any CPU
		{2DFAD8EC-D8BD-4401-93B5-98C8B1AB8F41}.Debug|Any CPU.Build.0 = Debug|Any CPU
		{2DFAD8EC-D8BD-4401-93B5-98C8B1AB8F41}.Release|Any CPU.ActiveCfg = Release|Any CPU
		{2DFAD8EC-D8BD-4401-93B5-98C8B1AB8F41}.Release|Any CPU.Build.0 = Release|Any CPU
	EndGlobalSection
	GlobalSection(SolutionProperties) = preSolution
		HideSolutionNode = FALSE
	EndGlobalSection
	GlobalSection(ExtensibilityGlobals) = postSolution
		SolutionGuid = {41C26CA8-606E-4390-B662-2267F429FF12}
	EndGlobalSection
EndGlobal
