
Microsoft Visual Studio Solution File, Format Version 12.00
# Visual Studio Version 17
VisualStudioVersion = 17.1.32319.34
MinimumVisualStudioVersion = 10.0.40219.1
Project("{FAE04EC0-301F-11D3-BF4B-00C04F79EFBC}") = "somaComVetores", "somaComVetores\somaComVetores.csproj", "{C2730A09-4A89-4185-A3B3-9E08339AE3CE}"
EndProject
Global
	GlobalSection(SolutionConfigurationPlatforms) = preSolution
		Debug|Any CPU = Debug|Any CPU
		Release|Any CPU = Release|Any CPU
	EndGlobalSection
	GlobalSection(ProjectConfigurationPlatforms) = postSolution
		{C2730A09-4A89-4185-A3B3-9E08339AE3CE}.Debug|Any CPU.ActiveCfg = Debug|Any CPU
		{C2730A09-4A89-4185-A3B3-9E08339AE3CE}.Debug|Any CPU.Build.0 = Debug|Any CPU
		{C2730A09-4A89-4185-A3B3-9E08339AE3CE}.Release|Any CPU.ActiveCfg = Release|Any CPU
		{C2730A09-4A89-4185-A3B3-9E08339AE3CE}.Release|Any CPU.Build.0 = Release|Any CPU
	EndGlobalSection
	GlobalSection(SolutionProperties) = preSolution
		HideSolutionNode = FALSE
	EndGlobalSection
	GlobalSection(ExtensibilityGlobals) = postSolution
		SolutionGuid = {42153183-78ED-441C-B75B-E78912B4527F}
	EndGlobalSection
EndGlobal
